<Project xmlns="http://schemas.microsoft.com/developer/msbuild/2003">
    <PropertyGroup>
        <ProjectGuid>{8A18F8A5-1431-49F7-8727-99C17CC5CAEC}</ProjectGuid>
        <ProjectVersion>18.8</ProjectVersion>
        <FrameworkType>FMX</FrameworkType>
        <MainSource>GertecOne_G700.dpr</MainSource>
        <Base>True</Base>
        <Config Condition="'$(Config)'==''">Release</Config>
        <Platform Condition="'$(Platform)'==''">Android</Platform>
        <TargetedPlatforms>32785</TargetedPlatforms>
        <AppType>Application</AppType>
    </PropertyGroup>
    <PropertyGroup Condition="'$(Config)'=='Base' or '$(Base)'!=''">
        <Base>true</Base>
    </PropertyGroup>
    <PropertyGroup Condition="('$(Platform)'=='Android' and '$(Base)'=='true') or '$(Base_Android)'!=''">
        <Base_Android>true</Base_Android>
        <CfgParent>Base</CfgParent>
        <Base>true</Base>
    </PropertyGroup>
    <PropertyGroup Condition="('$(Platform)'=='Android64' and '$(Base)'=='true') or '$(Base_Android64)'!=''">
        <Base_Android64>true</Base_Android64>
        <CfgParent>Base</CfgParent>
        <Base>true</Base>
    </PropertyGroup>
    <PropertyGroup Condition="('$(Platform)'=='Win32' and '$(Base)'=='true') or '$(Base_Win32)'!=''">
        <Base_Win32>true</Base_Win32>
        <CfgParent>Base</CfgParent>
        <Base>true</Base>
    </PropertyGroup>
    <PropertyGroup Condition="'$(Config)'=='Debug' or '$(Cfg_1)'!=''">
        <Cfg_1>true</Cfg_1>
        <CfgParent>Base</CfgParent>
        <Base>true</Base>
    </PropertyGroup>
    <PropertyGroup Condition="('$(Platform)'=='Android' and '$(Cfg_1)'=='true') or '$(Cfg_1_Android)'!=''">
        <Cfg_1_Android>true</Cfg_1_Android>
        <CfgParent>Cfg_1</CfgParent>
        <Cfg_1>true</Cfg_1>
        <Base>true</Base>
    </PropertyGroup>
    <PropertyGroup Condition="('$(Platform)'=='Android64' and '$(Cfg_1)'=='true') or '$(Cfg_1_Android64)'!=''">
        <Cfg_1_Android64>true</Cfg_1_Android64>
        <CfgParent>Cfg_1</CfgParent>
        <Cfg_1>true</Cfg_1>
        <Base>true</Base>
    </PropertyGroup>
    <PropertyGroup Condition="('$(Platform)'=='Win32' and '$(Cfg_1)'=='true') or '$(Cfg_1_Win32)'!=''">
        <Cfg_1_Win32>true</Cfg_1_Win32>
        <CfgParent>Cfg_1</CfgParent>
        <Cfg_1>true</Cfg_1>
        <Base>true</Base>
    </PropertyGroup>
    <PropertyGroup Condition="'$(Config)'=='Release' or '$(Cfg_2)'!=''">
        <Cfg_2>true</Cfg_2>
        <CfgParent>Base</CfgParent>
        <Base>true</Base>
    </PropertyGroup>
    <PropertyGroup Condition="('$(Platform)'=='Android' and '$(Cfg_2)'=='true') or '$(Cfg_2_Android)'!=''">
        <Cfg_2_Android>true</Cfg_2_Android>
        <CfgParent>Cfg_2</CfgParent>
        <Cfg_2>true</Cfg_2>
        <Base>true</Base>
    </PropertyGroup>
    <PropertyGroup Condition="('$(Platform)'=='Win32' and '$(Cfg_2)'=='true') or '$(Cfg_2_Win32)'!=''">
        <Cfg_2_Win32>true</Cfg_2_Win32>
        <CfgParent>Cfg_2</CfgParent>
        <Cfg_2>true</Cfg_2>
        <Base>true</Base>
    </PropertyGroup>
    <PropertyGroup Condition="'$(Base)'!=''">
        <DCC_DcuOutput>.\$(Platform)\$(Config)</DCC_DcuOutput>
        <DCC_ExeOutput>.\$(Platform)\$(Config)</DCC_ExeOutput>
        <DCC_E>false</DCC_E>
        <DCC_N>false</DCC_N>
        <DCC_S>false</DCC_S>
        <DCC_F>false</DCC_F>
        <DCC_K>false</DCC_K>
        <DCC_Namespace>System;Xml;Data;Datasnap;Web;Soap;$(DCC_Namespace)</DCC_Namespace>
        <AUP_ACCESS_COARSE_LOCATION>true</AUP_ACCESS_COARSE_LOCATION>
        <AUP_ACCESS_FINE_LOCATION>true</AUP_ACCESS_FINE_LOCATION>
        <AUP_CALL_PHONE>true</AUP_CALL_PHONE>
        <AUP_CAMERA>true</AUP_CAMERA>
        <AUP_INTERNET>true</AUP_INTERNET>
        <AUP_READ_EXTERNAL_STORAGE>true</AUP_READ_EXTERNAL_STORAGE>
        <AUP_WRITE_EXTERNAL_STORAGE>true</AUP_WRITE_EXTERNAL_STORAGE>
        <AUP_READ_PHONE_STATE>true</AUP_READ_PHONE_STATE>
        <Icon_MainIcon>$(BDS)\bin\delphi_PROJECTICON.ico</Icon_MainIcon>
        <Icns_MainIcns>$(BDS)\bin\delphi_PROJECTICNS.icns</Icns_MainIcns>
        <SanitizedProjectName>GertecOne_G700</SanitizedProjectName>
    </PropertyGroup>
    <PropertyGroup Condition="'$(Base_Android)'!=''">
        <DCC_UsePackage>DBXSqliteDriver;IndyIPCommon;RESTComponents;bindcompdbx;DBXInterBaseDriver;IndyIPServer;IndySystem;tethering;fmxFireDAC;FireDAC;bindcompfmx;FireDACSqliteDriver;soaprtl;DbxCommonDriver;fmx;FireDACIBDriver;xmlrtl;soapmidas;rtl;DbxClientDriver;CustomIPTransport;dbexpress;IndyCore;bindcomp;dsnap;FireDACCommon;IndyIPClient;RESTBackendComponents;soapserver;dbxcds;bindengine;CloudService;dsnapxml;dbrtl;IndyProtocols;FireDACCommonDriver;inet;$(DCC_UsePackage)</DCC_UsePackage>
        <VerInfo_Keys>package=com.embarcadero.$(MSBuildProjectName);label=$(MSBuildProjectName);versionCode=1;versionName=1.0.0;persistent=False;restoreAnyVersion=False;installLocation=auto;largeHeap=False;theme=TitleBar;hardwareAccelerated=true;apiKey=</VerInfo_Keys>
        <BT_BuildType>Debug</BT_BuildType>
        <VerInfo_IncludeVerInfo>true</VerInfo_IncludeVerInfo>
        <Android_LauncherIcon36>$(BDS)\bin\Artwork\Android\FM_LauncherIcon_36x36.png</Android_LauncherIcon36>
        <Android_LauncherIcon48>$(BDS)\bin\Artwork\Android\FM_LauncherIcon_48x48.png</Android_LauncherIcon48>
        <Android_LauncherIcon72>$(BDS)\bin\Artwork\Android\FM_LauncherIcon_72x72.png</Android_LauncherIcon72>
        <Android_LauncherIcon96>$(BDS)\bin\Artwork\Android\FM_LauncherIcon_96x96.png</Android_LauncherIcon96>
        <Android_LauncherIcon144>$(BDS)\bin\Artwork\Android\FM_LauncherIcon_144x144.png</Android_LauncherIcon144>
        <Android_SplashImage426>$(BDS)\bin\Artwork\Android\FM_SplashImage_426x320.png</Android_SplashImage426>
        <Android_SplashImage470>$(BDS)\bin\Artwork\Android\FM_SplashImage_470x320.png</Android_SplashImage470>
        <Android_SplashImage640>$(BDS)\bin\Artwork\Android\FM_SplashImage_640x480.png</Android_SplashImage640>
        <Android_SplashImage960>$(BDS)\bin\Artwork\Android\FM_SplashImage_960x720.png</Android_SplashImage960>
        <EnabledSysJars>android-support-v4.dex.jar;cloud-messaging.dex.jar;fmx.dex.jar;google-analytics-v2.dex.jar;google-play-billing.dex.jar;google-play-licensing.dex.jar;google-play-services-ads-7.0.0.dex.jar;google-play-services-analytics-7.0.0.dex.jar;google-play-services-base-7.0.0.dex.jar;google-play-services-gcm-7.0.0.dex.jar;google-play-services-identity-7.0.0.dex.jar;google-play-services-maps-7.0.0.dex.jar;google-play-services-panorama-7.0.0.dex.jar;google-play-services-plus-7.0.0.dex.jar;google-play-services-wallet-7.0.0.dex.jar</EnabledSysJars>
        <VerInfo_Build>1</VerInfo_Build>
        <Android_NotificationIcon24>$(BDS)\bin\Artwork\Android\FM_NotificationIcon_24x24.png</Android_NotificationIcon24>
        <Android_NotificationIcon36>$(BDS)\bin\Artwork\Android\FM_NotificationIcon_36x36.png</Android_NotificationIcon36>
        <Android_NotificationIcon48>$(BDS)\bin\Artwork\Android\FM_NotificationIcon_48x48.png</Android_NotificationIcon48>
        <Android_NotificationIcon72>$(BDS)\bin\Artwork\Android\FM_NotificationIcon_72x72.png</Android_NotificationIcon72>
        <Android_NotificationIcon96>$(BDS)\bin\Artwork\Android\FM_NotificationIcon_96x96.png</Android_NotificationIcon96>
    </PropertyGroup>
    <PropertyGroup Condition="'$(Base_Android64)'!=''">
        <VerInfo_Keys>package=com.embarcadero.$(MSBuildProjectName);label=$(MSBuildProjectName);versionCode=1;versionName=1.0.0;persistent=False;restoreAnyVersion=False;installLocation=auto;largeHeap=False;theme=TitleBar;hardwareAccelerated=true;apiKey=</VerInfo_Keys>
        <BT_BuildType>Debug</BT_BuildType>
        <VerInfo_IncludeVerInfo>true</VerInfo_IncludeVerInfo>
        <Base_Android>true</Base_Android>
        <CfgParent>Base</CfgParent>
        <Base>true</Base>
        <DCC_UsePackage>DBXSqliteDriver;IndyIPCommon;RESTComponents;bindcompdbx;DBXInterBaseDriver;IndyIPServer;IndySystem;tethering;fmxFireDAC;FireDAC;bindcompfmx;FireDACSqliteDriver;soaprtl;DbxCommonDriver;fmx;FireDACIBDriver;xmlrtl;soapmidas;rtl;DbxClientDriver;CustomIPTransport;dbexpress;IndyCore;bindcomp;dsnap;FireDACCommon;IndyIPClient;RESTBackendComponents;soapserver;dbxcds;bindengine;CloudService;dsnapxml;dbrtl;IndyProtocols;FireDACCommonDriver;inet;$(DCC_UsePackage);$(DCC_UsePackage)</DCC_UsePackage>
        <Android_LauncherIcon36>$(BDS)\bin\Artwork\Android\FM_LauncherIcon_36x36.png</Android_LauncherIcon36>
        <Android_LauncherIcon48>$(BDS)\bin\Artwork\Android\FM_LauncherIcon_48x48.png</Android_LauncherIcon48>
        <Android_LauncherIcon72>$(BDS)\bin\Artwork\Android\FM_LauncherIcon_72x72.png</Android_LauncherIcon72>
        <Android_LauncherIcon96>$(BDS)\bin\Artwork\Android\FM_LauncherIcon_96x96.png</Android_LauncherIcon96>
        <Android_LauncherIcon144>$(BDS)\bin\Artwork\Android\FM_LauncherIcon_144x144.png</Android_LauncherIcon144>
        <Android_SplashImage426>$(BDS)\bin\Artwork\Android\FM_SplashImage_426x320.png</Android_SplashImage426>
        <Android_SplashImage470>$(BDS)\bin\Artwork\Android\FM_SplashImage_470x320.png</Android_SplashImage470>
        <Android_SplashImage640>$(BDS)\bin\Artwork\Android\FM_SplashImage_640x480.png</Android_SplashImage640>
        <Android_SplashImage960>$(BDS)\bin\Artwork\Android\FM_SplashImage_960x720.png</Android_SplashImage960>
        <EnabledSysJars>android-support-v4.dex.jar;cloud-messaging.dex.jar;fmx.dex.jar;google-analytics-v2.dex.jar;google-play-billing.dex.jar;google-play-licensing.dex.jar;google-play-services-ads-7.0.0.dex.jar;google-play-services-analytics-7.0.0.dex.jar;google-play-services-base-7.0.0.dex.jar;google-play-services-gcm-7.0.0.dex.jar;google-play-services-identity-7.0.0.dex.jar;google-play-services-maps-7.0.0.dex.jar;google-play-services-panorama-7.0.0.dex.jar;google-play-services-plus-7.0.0.dex.jar;google-play-services-wallet-7.0.0.dex.jar</EnabledSysJars>
        <VerInfo_Build>1</VerInfo_Build>
    </PropertyGroup>
    <PropertyGroup Condition="'$(Base_Win32)'!=''">
        <DCC_UsePackage>DBXSqliteDriver;IndyIPCommon;RESTComponents;bindcompdbx;DBXInterBaseDriver;vcl;IndyIPServer;vclactnband;vclFireDAC;IndySystem;tethering;svnui;dsnapcon;FireDACADSDriver;FireDACMSAccDriver;fmxFireDAC;vclimg;FireDAC;vcltouch;vcldb;bindcompfmx;svn;FireDACSqliteDriver;FireDACPgDriver;inetdb;soaprtl;DbxCommonDriver;fmx;FireDACIBDriver;fmxdae;xmlrtl;soapmidas;fmxobj;vclwinx;rtl;DbxClientDriver;CustomIPTransport;vcldsnap;dbexpress;IndyCore;vclx;bindcomp;appanalytics;dsnap;FireDACCommon;IndyIPClient;bindcompvcl;RESTBackendComponents;VCLRESTComponents;soapserver;dbxcds;VclSmp;adortl;vclie;bindengine;DBXMySQLDriver;CloudService;dsnapxml;FireDACMySQLDriver;dbrtl;IndyProtocols;inetdbxpress;FireDACCommonODBC;FireDACCommonDriver;inet;fmxase;$(DCC_UsePackage)</DCC_UsePackage>
        <DCC_Namespace>Winapi;System.Win;Data.Win;Datasnap.Win;Web.Win;Soap.Win;Xml.Win;Bde;$(DCC_Namespace)</DCC_Namespace>
        <BT_BuildType>Debug</BT_BuildType>
        <VerInfo_IncludeVerInfo>true</VerInfo_IncludeVerInfo>
        <VerInfo_Keys>CompanyName=;FileDescription=$(MSBuildProjectName);FileVersion=1.0.0.0;InternalName=;LegalCopyright=;LegalTrademarks=;OriginalFilename=;ProgramID=com.embarcadero.$(MSBuildProjectName);ProductName=$(MSBuildProjectName);ProductVersion=1.0.0.0;Comments=</VerInfo_Keys>
        <VerInfo_Locale>1033</VerInfo_Locale>
        <Manifest_File>$(BDS)\bin\default_app.manifest</Manifest_File>
        <UWP_DelphiLogo44>$(BDS)\bin\Artwork\Windows\UWP\delphi_UwpDefault_44.png</UWP_DelphiLogo44>
        <UWP_DelphiLogo150>$(BDS)\bin\Artwork\Windows\UWP\delphi_UwpDefault_150.png</UWP_DelphiLogo150>
    </PropertyGroup>
    <PropertyGroup Condition="'$(Cfg_1)'!=''">
        <DCC_Define>DEBUG;$(DCC_Define)</DCC_Define>
        <DCC_DebugDCUs>true</DCC_DebugDCUs>
        <DCC_Optimize>false</DCC_Optimize>
        <DCC_GenerateStackFrames>true</DCC_GenerateStackFrames>
        <DCC_DebugInfoInExe>true</DCC_DebugInfoInExe>
        <DCC_RemoteDebug>true</DCC_RemoteDebug>
    </PropertyGroup>
    <PropertyGroup Condition="'$(Cfg_1_Android)'!=''">
        <EL_AdMob>true</EL_AdMob>
        <EL_SecureFileSharing>true</EL_SecureFileSharing>
        <VerInfo_Build>1</VerInfo_Build>
        <IncludeAndroid_Splash>False</IncludeAndroid_Splash>
        <AUP_NFC>true</AUP_NFC>
        <AUP_NFC_TRANSACTION_EVENT>true</AUP_NFC_TRANSACTION_EVENT>
        <Android_NotificationAccentColor>#000000</Android_NotificationAccentColor>
        <DCC_Define>__G700__;$(DCC_Define)</DCC_Define>
        <Android_LauncherIcon36>icons\ldpi\gertec_one.png</Android_LauncherIcon36>
        <Android_LauncherIcon48>icons\mipmap-mdpi\ic_launcher.png</Android_LauncherIcon48>
        <Android_LauncherIcon72>icons\mipmap-hdpi\ic_launcher.png</Android_LauncherIcon72>
        <Android_LauncherIcon96>icons\mipmap-xhdpi\ic_launcher.png</Android_LauncherIcon96>
        <Android_LauncherIcon144>icons\mipmap-xxhdpi\ic_launcher.png</Android_LauncherIcon144>
        <VerInfo_Keys>package=com.embarcadero.$(MSBuildProjectName);label=GertecOne Delphi;versionCode=1;versionName=1.0.0;persistent=True;restoreAnyVersion=False;installLocation=auto;largeHeap=False;theme=TitleBar;hardwareAccelerated=true;apiKey=</VerInfo_Keys>
        <PF_KeyStore>..\..\..\Java\AndroidStudio\Chaves\Development_GertecDeveloper_EnhancedAPP.jks</PF_KeyStore>
        <PF_KeyStorePass>850B47CC5F81078FCF7DE53AA4417BAEE443084F7EA1EC889F237766D816A8AAA5EF5D187F5FE27A8767C8F10A0D67C41460B84E8D9F7E248CA545DCE5F92295C924F307D54CFA80BFF8AF5707501D0A92523E4C1DB50939E3ED16BA446378A165B39AD622F07D114633E8619246F3CB9600E9AFDE5AC04DB35427B23AE1</PF_KeyStorePass>
        <PF_AliasKey>developmentgertecdeveloper_enhancedapp</PF_AliasKey>
        <PF_AliasKeyPass>850B47CC5F81078FCF7DE53AA4417BAEE443084F7EA1EC889F230FFA8E613CC1DB2AA38CE3111C2FC1E2573AFACFC36BBAE83658042922D216784587E5FC22A2C924F30FD545FA8FBFBBAF5307131D6A921D3E581DAE0939E3EC6E7D1211ECFD1B76644ABEB7834B00F577AE62C7570438C767AD57F79CBB298827B23AE1</PF_AliasKeyPass>
    </PropertyGroup>
    <PropertyGroup Condition="'$(Cfg_1_Android64)'!=''">
        <Cfg_1_Android>true</Cfg_1_Android>
        <CfgParent>Cfg_1</CfgParent>
        <Cfg_1>true</Cfg_1>
        <EL_AdMob>true</EL_AdMob>
        <EL_SecureFileSharing>true</EL_SecureFileSharing>
        <VerInfo_Build>1</VerInfo_Build>
        <IncludeAndroid_Splash>False</IncludeAndroid_Splash>
        <AUP_NFC>true</AUP_NFC>
        <AUP_NFC_TRANSACTION_EVENT>true</AUP_NFC_TRANSACTION_EVENT>
        <PF_KeyStore>C:\Marcos\Gertec\JKS\Development_MarcosPSaporetti_CustomerAPP.keystore</PF_KeyStore>
        <PF_KeyStorePass>850B47CC5F81078FCF7DE53AA4417BAEE4430519A05A97D897C80FA28E363C94DB04A390E34B1C31C1B15774FAD1C339BABA3609043F22FC1657458CE5A722CFC949F31FD555FAFEBFE4AF0D07551D5892013310C35D7270EB236E791211ECEA1B7C645ABEA3837D00E277BB62C4571938D267BC57F19CE0298A27B33AE8F238</PF_KeyStorePass>
        <PF_AliasKey>developmentmarcospsaporetti_customerapp</PF_AliasKey>
        <PF_AliasKeyPass>850B47CC5F81078FCF7DE53AA4417BAEE443084FA007979E97FF0FD68E643CD0DB48A3D6E35F1C31C1B0572FFA95C375BABB3651043C2288165745F0E5F4228DC949F31ED506FADDBFCAAF0D071E1D0F92013E44C35D7270EB236E791211ECEA1B7C645ABEA3837D00E277BB62C4571938D267BC57F19CE0298A27B33AE8F238</PF_AliasKeyPass>
        <DCC_Define>__G700__;$(DCC_Define);$(DCC_Define)</DCC_Define>
        <VerInfo_Keys>package=com.embarcadero.$(MSBuildProjectName);label=Gertec One;versionCode=1;versionName=1.0.0;persistent=False;restoreAnyVersion=False;installLocation=auto;largeHeap=False;theme=TitleBar;hardwareAccelerated=true;apiKey=</VerInfo_Keys>
    </PropertyGroup>
    <PropertyGroup Condition="'$(Cfg_1_Win32)'!=''">
        <DCC_RemoteDebug>false</DCC_RemoteDebug>
        <AppEnableRuntimeThemes>true</AppEnableRuntimeThemes>
        <AppDPIAwarenessMode>PerMonitorV2</AppDPIAwarenessMode>
    </PropertyGroup>
    <PropertyGroup Condition="'$(Cfg_2)'!=''">
        <DCC_LocalDebugSymbols>false</DCC_LocalDebugSymbols>
        <DCC_Define>RELEASE;$(DCC_Define)</DCC_Define>
        <DCC_SymbolReferenceInfo>0</DCC_SymbolReferenceInfo>
        <DCC_DebugInformation>0</DCC_DebugInformation>
    </PropertyGroup>
    <PropertyGroup Condition="'$(Cfg_2_Android)'!=''">
        <VerInfo_Build>1</VerInfo_Build>
        <Android_NotificationAccentColor>#000000</Android_NotificationAccentColor>
        <Android_LauncherIcon36>icons\ldpi\gertec_one.png</Android_LauncherIcon36>
        <Android_LauncherIcon48>icons\mipmap-mdpi\ic_launcher.png</Android_LauncherIcon48>
        <Android_LauncherIcon72>icons\mipmap-hdpi\ic_launcher.png</Android_LauncherIcon72>
        <Android_LauncherIcon96>icons\mipmap-xhdpi\ic_launcher.png</Android_LauncherIcon96>
        <Android_LauncherIcon144>icons\mipmap-xxhdpi\ic_launcher.png</Android_LauncherIcon144>
        <BT_BuildType>AppStore</BT_BuildType>
        <PF_KeyStore>Chaves\Development_GertecDeveloper_CustomerAPP.keystore</PF_KeyStore>
        <Debugger_RunParams>-debugport=8080</Debugger_RunParams>
        <PF_KeyStorePass>850B47CC5F81078FCF7DE53AA4417BAEE443084F7EA1EC889F237766D816A8AAA5EFA3D4E3461C7AC1CC5726FA95C375BABB361604372280162A45D6E5EA228CC90BF304D51EFAE2BFD6AF4307031D1B92423E061DE8090BE3F016FF446E788F659D644ABEB7834B00F577AE62C7570438C767AD57F79CBB298827B23AE1</PF_KeyStorePass>
        <VerInfo_Keys>package=br.com.gertec.delphi.sample;label=GertecOne Delphi;versionCode=1;versionName=1.0.0;persistent=False;restoreAnyVersion=False;installLocation=auto;largeHeap=False;theme=TitleBar;hardwareAccelerated=true;apiKey=</VerInfo_Keys>
        <PF_AliasKey>developmentgertecdeveloper_customerapp</PF_AliasKey>
        <IncludeAndroid_Splash>False</IncludeAndroid_Splash>
        <PF_AliasKeyPass>850B47CC5F81078FCF7DE53AA4417BAEE443084F7EA1EC889F2377668E3C3C87DB1DA3F8E3431C6BC1AE577CFADBC36BBAE93603046D229E167945DFE5FF22D6C924F373D516FACDBFBBAF5207401D4992333E581DE5096EE3EC16E31211ECFD1B76644ABEB7834B00F577AE62C7570438C767AD57F79CBB298827B23AE1</PF_AliasKeyPass>
    </PropertyGroup>
    <PropertyGroup Condition="'$(Cfg_2_Win32)'!=''">
        <AppEnableRuntimeThemes>true</AppEnableRuntimeThemes>
        <AppDPIAwarenessMode>PerMonitorV2</AppDPIAwarenessMode>
    </PropertyGroup>
    <ItemGroup>
        <DelphiCompile Include="$(MainSource)">
            <MainSource>MainSource</MainSource>
        </DelphiCompile>
        <DCCReference Include="main.pas">
            <Form>frmMain</Form>
        </DCCReference>
        <DCCReference Include="Lib\Androidapi.JNI.Toast.pas"/>
        <DCCReference Include="Lib\FMX.Barcode.DROID.pas"/>
        <DCCReference Include="Lib\FMX.Barcode.IOS.pas"/>
        <DCCReference Include="Lib\ZXing.ScanManager.pas"/>
        <DCCReference Include="Lib\1D Barcodes\ZXing.OneD.Code39Reader.pas"/>
        <DCCReference Include="Lib\1D Barcodes\ZXing.OneD.Code93Reader.pas"/>
        <DCCReference Include="Lib\1D Barcodes\ZXing.OneD.Code128Reader.pas"/>
        <DCCReference Include="Lib\1D Barcodes\ZXing.OneD.EAN8Reader.pas"/>
        <DCCReference Include="Lib\1D Barcodes\ZXing.OneD.EAN13Reader.pas"/>
        <DCCReference Include="Lib\1D Barcodes\ZXing.OneD.EANManufacturerOrgSupport.pas"/>
        <DCCReference Include="Lib\1D Barcodes\ZXing.OneD.ITFReader.pas"/>
        <DCCReference Include="Lib\1D Barcodes\ZXing.OneD.OneDReader.pas"/>
        <DCCReference Include="Lib\1D Barcodes\ZXing.OneD.UPCAReader.pas"/>
        <DCCReference Include="Lib\1D Barcodes\ZXing.OneD.UPCEANExtension2Support.pas"/>
        <DCCReference Include="Lib\1D Barcodes\ZXing.OneD.UPCEANExtension5Support.pas"/>
        <DCCReference Include="Lib\1D Barcodes\ZXing.OneD.UPCEANExtensionSupport.pas"/>
        <DCCReference Include="Lib\1D Barcodes\ZXing.OneD.UPCEANReader.pas"/>
        <DCCReference Include="Lib\1D Barcodes\ZXing.OneD.UPCEReader.pas"/>
        <DCCReference Include="Lib\2D Barcodes\Decoder\ZXing.Datamatrix.Internal.BitMatrixParser.pas"/>
        <DCCReference Include="Lib\2D Barcodes\Decoder\ZXing.Datamatrix.Internal.DataBlock.pas"/>
        <DCCReference Include="Lib\2D Barcodes\Decoder\ZXing.Datamatrix.Internal.DecodedBitStreamParser.pas"/>
        <DCCReference Include="Lib\2D Barcodes\Decoder\ZXing.Datamatrix.Internal.Decoder.pas"/>
        <DCCReference Include="Lib\2D Barcodes\Decoder\ZXing.Datamatrix.Internal.Version.pas"/>
        <DCCReference Include="Lib\2D Barcodes\Decoder\ZXing.QrCode.Internal.BitMatrixParser.pas"/>
        <DCCReference Include="Lib\2D Barcodes\Decoder\ZXing.QrCode.Internal.DataBlock.pas"/>
        <DCCReference Include="Lib\2D Barcodes\Decoder\ZXing.QrCode.Internal.DataMask.pas"/>
        <DCCReference Include="Lib\2D Barcodes\Decoder\ZXing.QrCode.Internal.DecodedBitStreamParser.pas"/>
        <DCCReference Include="Lib\2D Barcodes\Decoder\ZXing.QrCode.Internal.Decoder.pas"/>
        <DCCReference Include="Lib\2D Barcodes\Decoder\ZXing.QrCode.Internal.ErrorCorrectionLevel.pas"/>
        <DCCReference Include="Lib\2D Barcodes\Decoder\ZXing.QrCode.Internal.FormatInformation.pas"/>
        <DCCReference Include="Lib\2D Barcodes\Decoder\ZXing.QrCode.Internal.Mode.pas"/>
        <DCCReference Include="Lib\2D Barcodes\Decoder\ZXing.QrCode.Internal.QRCodeDecoderMetaData.pas"/>
        <DCCReference Include="Lib\2D Barcodes\Decoder\ZXing.QrCode.Internal.Version.pas"/>
        <DCCReference Include="Lib\2D Barcodes\Detector\ZXing.Datamatrix.Internal.Detector.pas"/>
        <DCCReference Include="Lib\2D Barcodes\Detector\ZXing.QrCode.Internal.AlignmentPattern.pas"/>
        <DCCReference Include="Lib\2D Barcodes\Detector\ZXing.QrCode.Internal.AlignmentPatternFinder.pas"/>
        <DCCReference Include="Lib\2D Barcodes\Detector\ZXing.QrCode.Internal.AlignmentPatternImplementation.pas"/>
        <DCCReference Include="Lib\2D Barcodes\Detector\ZXing.QrCode.Internal.Detector.pas"/>
        <DCCReference Include="Lib\2D Barcodes\Detector\ZXing.QrCode.Internal.FinderPattern.pas"/>
        <DCCReference Include="Lib\2D Barcodes\Detector\ZXing.QrCode.Internal.FinderPatternFinder.pas"/>
        <DCCReference Include="Lib\2D Barcodes\Detector\ZXing.QrCode.Internal.FinderPatternImplementation.pas"/>
        <DCCReference Include="Lib\2D Barcodes\Detector\ZXing.QrCode.Internal.FinderPatternInfo.pas"/>
        <DCCReference Include="Lib\2D Barcodes\ZXing.Datamatrix.DataMatrixReader.pas"/>
        <DCCReference Include="Lib\2D Barcodes\ZXing.QrCode.QRCodeReader.pas"/>
        <DCCReference Include="Lib\Common\Detector\ZXing.Common.Detector.MathUtils.pas"/>
        <DCCReference Include="Lib\Common\Detector\ZXing.Common.Detector.WhiteRectangleDetector.pas"/>
        <DCCReference Include="Lib\Common\ReedSolomon\ZXing.Common.ReedSolomon.GenericGF.pas"/>
        <DCCReference Include="Lib\Common\ReedSolomon\ZXing.Common.ReedSolomon.ReedSolomonDecoder.pas"/>
        <DCCReference Include="Lib\Common\ZXing.BarcodeFormat.pas"/>
        <DCCReference Include="Lib\Common\ZXing.BitSource.pas"/>
        <DCCReference Include="Lib\Common\ZXIng.ByteSegments.pas"/>
        <DCCReference Include="Lib\Common\ZXing.CharacterSetECI.pas"/>
        <DCCReference Include="Lib\Common\ZXing.Common.BitArray.pas"/>
        <DCCReference Include="Lib\Common\ZXing.Common.BitArrayImplementation.pas"/>
        <DCCReference Include="Lib\Common\ZXing.Common.BitMatrix.pas"/>
        <DCCReference Include="Lib\Common\ZXing.Common.DetectorResult.pas"/>
        <DCCReference Include="Lib\Common\ZXing.Common.GridSampler.pas"/>
        <DCCReference Include="Lib\Common\ZXing.Common.PerspectiveTransform.pas"/>
        <DCCReference Include="Lib\Common\ZXing.DecodeHintType.pas"/>
        <DCCReference Include="Lib\Common\ZXing.DecoderResult.pas"/>
        <DCCReference Include="Lib\Common\ZXing.DefaultGridSampler.pas"/>
        <DCCReference Include="Lib\Common\ZXing.EncodeHintType.pas"/>
        <DCCReference Include="Lib\Common\ZXing.Helpers.pas"/>
        <DCCReference Include="Lib\Common\ZXing.MultiFormatReader.pas"/>
        <DCCReference Include="Lib\Common\ZXing.Reader.pas"/>
        <DCCReference Include="Lib\Common\ZXing.ReadResult.pas"/>
        <DCCReference Include="Lib\Common\ZXing.ResultMetadataType.pas"/>
        <DCCReference Include="Lib\Common\ZXing.ResultPoint.pas"/>
        <DCCReference Include="Lib\Common\ZXing.ResultPointImplementation.pas"/>
        <DCCReference Include="Lib\Common\ZXing.StringUtils.pas"/>
        <DCCReference Include="Lib\Filtering\ZXing.BaseLuminanceSource.pas"/>
        <DCCReference Include="Lib\Filtering\ZXing.Binarizer.pas"/>
        <DCCReference Include="Lib\Filtering\ZXing.BinaryBitmap.pas"/>
        <DCCReference Include="Lib\Filtering\ZXing.GlobalHistogramBinarizer.pas"/>
        <DCCReference Include="Lib\Filtering\ZXing.HybridBinarizer.pas"/>
        <DCCReference Include="Lib\Filtering\ZXing.InvertedLuminanceSource.pas"/>
        <DCCReference Include="Lib\Filtering\ZXing.LuminanceSource.pas"/>
        <DCCReference Include="Lib\Filtering\ZXing.PlanarYUVLuminanceSource.pas"/>
        <DCCReference Include="Lib\Filtering\ZXing.RGBLuminanceSource.pas"/>
        <DCCReference Include="Imports NFC\Androidapi.JNI.Nfc.pas"/>
        <DCCReference Include="Imports NFC\Androidapi.JNI.Nfc.Tech.pas"/>
        <DCCReference Include="Imports NFC\NFCHelper.pas"/>
        <DCCReference Include="GEDIPrinter.pas"/>
        <DCCReference Include="G700Interface.pas"/>
        <DCCReference Include="uNFCId.pas">
            <Form>frmNFCid</Form>
            <FormType>fmx</FormType>
        </DCCReference>
        <DCCReference Include="Imports NFC700\G700NFC.pas"/>
        <DCCReference Include="Imports NFC700\JavaInterfaces.pas"/>
        <DCCReference Include="ImpressaoG.pas">
            <Form>frmImpressaoG</Form>
            <FormType>fmx</FormType>
        </DCCReference>
        <DCCReference Include="CodigoDeBarras.pas">
            <Form>frmCodBarra</Form>
            <FormType>fmx</FormType>
        </DCCReference>
        <DCCReference Include="CodigoDeBarraV2.pas">
            <Form>frmCodigoBarraV2</Form>
            <FormType>fmx</FormType>
        </DCCReference>
        <DCCReference Include="GER7TEF.pas"/>
        <DCCReference Include="TEF.pas">
            <Form>frmTEF</Form>
            <FormType>fmx</FormType>
        </DCCReference>
        <DCCReference Include="Vcl.Consts.pas"/>
        <DCCReference Include="FMX.Consts.pas"/>
        <RcItem Include="Resource\Bleep.mp3">
            <ContainerId>ResourceItem</ContainerId>
            <ResourceType>RCDATA</ResourceType>
            <ResourceId>Resource_2</ResourceId>
        </RcItem>
        <JavaReference Include="libs\payment-1.14.10.181016_classes.jar">
            <Disabled/>
        </JavaReference>
        <BuildConfiguration Include="Release">
            <Key>Cfg_2</Key>
            <CfgParent>Base</CfgParent>
        </BuildConfiguration>
        <BuildConfiguration Include="Base">
            <Key>Base</Key>
        </BuildConfiguration>
        <BuildConfiguration Include="Debug">
            <Key>Cfg_1</Key>
            <CfgParent>Base</CfgParent>
        </BuildConfiguration>
    </ItemGroup>
    <ProjectExtensions>
        <Borland.Personality>Delphi.Personality.12</Borland.Personality>
        <Borland.ProjectType>Application</Borland.ProjectType>
        <BorlandProject>
            <Delphi.Personality>
                <Source>
                    <Source Name="MainSource">GertecOne_G700.dpr</Source>
                </Source>
                <Excluded_Packages>
                    <Excluded_Packages Name="$(BDSBIN)\dcloffice2k260.bpl">Microsoft Office 2000 Sample Automation Server Wrapper Components</Excluded_Packages>
                    <Excluded_Packages Name="$(BDSBIN)\dclofficexp260.bpl">Microsoft Office XP Sample Automation Server Wrapper Components</Excluded_Packages>
                </Excluded_Packages>
            </Delphi.Personality>
            <Deployment Version="3">
                <DeployFile LocalName="Resource\Bleep.mp3" Configuration="Release" Class="ProjectFile">
                    <Platform Name="Android">
                        <RemoteDir>.\assets\internal\</RemoteDir>
                        <Overwrite>true</Overwrite>
                    </Platform>
                </DeployFile>
                <DeployFile LocalName="$(BDS)\bin\Artwork\Android\FM_NotificationIcon_24x24.png" Configuration="Release" Class="Android_NotificationIcon24">
                    <Platform Name="Android">
                        <RemoteName>ic_notification.png</RemoteName>
                        <Overwrite>true</Overwrite>
                    </Platform>
                </DeployFile>
                <DeployFile LocalName="icons\mipmap-hdpi\ic_launcher.png" Configuration="Release" Class="Android_LauncherIcon72">
                    <Platform Name="Android">
                        <RemoteName>ic_launcher.png</RemoteName>
                        <Overwrite>true</Overwrite>
                    </Platform>
                </DeployFile>
                <DeployFile LocalName="icons\mipmap-hdpi\ic_launcher.png" Configuration="Debug" Class="Android_LauncherIcon72">
                    <Platform Name="Android">
                        <RemoteName>ic_launcher.png</RemoteName>
                        <Overwrite>true</Overwrite>
                    </Platform>
                </DeployFile>
                <DeployFile LocalName="icons\mipmap-mdpi\ic_launcher.png" Configuration="Debug" Class="Android_LauncherIcon48">
                    <Platform Name="Android">
                        <RemoteName>ic_launcher.png</RemoteName>
                        <Overwrite>true</Overwrite>
                    </Platform>
                </DeployFile>
                <DeployFile LocalName="$(BDS)\bin\Artwork\Android\FM_SplashImage_426x320.png" Configuration="Debug" Class="Android_SplashImage426">
                    <Platform Name="Android">
                        <RemoteName>splash_image.png</RemoteName>
                        <Overwrite>true</Overwrite>
                    </Platform>
                </DeployFile>
                <DeployFile LocalName="icons\mipmap-xhdpi\ic_launcher.png" Configuration="Release" Class="Android_LauncherIcon96">
                    <Platform Name="Android">
                        <RemoteName>ic_launcher.png</RemoteName>
                        <Overwrite>true</Overwrite>
                    </Platform>
                </DeployFile>
                <DeployFile LocalName="$(BDS)\bin\Artwork\Android\FM_LauncherIcon_36x36.png" Configuration="Debug" Class="Android_LauncherIcon36">
                    <Platform Name="Android64">
                        <RemoteName>ic_launcher.png</RemoteName>
                        <Overwrite>true</Overwrite>
                    </Platform>
                </DeployFile>
                <DeployFile LocalName="$(BDS)\bin\Artwork\Android\FM_NotificationIcon_36x36.png" Configuration="Debug" Class="Android_NotificationIcon36">
                    <Platform Name="Android">
                        <RemoteName>ic_notification.png</RemoteName>
                        <Overwrite>true</Overwrite>
                    </Platform>
                </DeployFile>
                <DeployFile LocalName="Win32\Debug\GertecOne_G700.exe" Configuration="Debug" Class="ProjectOutput">
                    <Platform Name="Win32">
                        <RemoteName>GertecOne_G700.exe</RemoteName>
                        <Overwrite>true</Overwrite>
                    </Platform>
                </DeployFile>
                <DeployFile LocalName="$(BDS)\bin\Artwork\Android\FM_LauncherIcon_144x144.png" Configuration="Debug" Class="Android_LauncherIcon144">
                    <Platform Name="Android64">
                        <RemoteName>ic_launcher.png</RemoteName>
                        <Overwrite>true</Overwrite>
                    </Platform>
                </DeployFile>
                <DeployFile LocalName="Android\Release\libGertecOne_G700.so" Configuration="Release" Class="ProjectOutput">
                    <Platform Name="Android">
                        <RemoteName>libGertecOne_G700.so</RemoteName>
                        <Overwrite>true</Overwrite>
                    </Platform>
                </DeployFile>
                <DeployFile LocalName="icons\mipmap-xxhdpi\ic_launcher.png" Configuration="Debug" Class="Android_LauncherIcon144">
                    <Platform Name="Android">
                        <RemoteName>ic_launcher.png</RemoteName>
                        <Overwrite>true</Overwrite>
                    </Platform>
                </DeployFile>
                <DeployFile LocalName="icons\mipmap-xhdpi\ic_launcher.png" Configuration="Debug" Class="Android_LauncherIcon96">
                    <Platform Name="Android">
                        <RemoteName>ic_launcher.png</RemoteName>
                        <Overwrite>true</Overwrite>
                    </Platform>
                </DeployFile>
                <DeployFile LocalName="$(BDS)\bin\Artwork\Android\FM_NotificationIcon_96x96.png" Configuration="Debug" Class="Android_NotificationIcon96">
                    <Platform Name="Android">
                        <RemoteName>ic_notification.png</RemoteName>
                        <Overwrite>true</Overwrite>
                    </Platform>
                </DeployFile>
                <DeployFile LocalName="icons\ldpi\gertec_one.png" Configuration="Release" Class="Android_LauncherIcon36">
                    <Platform Name="Android">
                        <RemoteName>ic_launcher.png</RemoteName>
                        <Overwrite>true</Overwrite>
                    </Platform>
                </DeployFile>
                <DeployFile LocalName="Android\Debug\AndroidManifest.xml" Configuration="Debug" Class="ProjectAndroidManifest">
                    <Platform Name="Android">
                        <Overwrite>true</Overwrite>
                    </Platform>
                </DeployFile>
                <DeployFile LocalName="Android64\Debug\classes.dex" Configuration="Debug" Class="AndroidClassesDexFile">
                    <Platform Name="Android64">
                        <RemoteName>classes.dex</RemoteName>
                        <Overwrite>true</Overwrite>
                    </Platform>
                </DeployFile>
                <DeployFile LocalName="Android\Release\styles-v21.xml" Configuration="Release" Class="AndroidSplashStylesV21">
                    <Platform Name="Android">
                        <RemoteName>styles.xml</RemoteName>
                        <Overwrite>true</Overwrite>
                    </Platform>
                </DeployFile>
                <DeployFile LocalName="$(BDS)\Redist\iossimulator\libcgunwind.1.0.dylib" Class="DependencyModule">
                    <Platform Name="iOSSimulator">
                        <Overwrite>true</Overwrite>
                    </Platform>
                </DeployFile>
                <DeployFile LocalName="$(BDS)\bin\Artwork\Android\FM_NotificationIcon_72x72.png" Configuration="Release" Class="Android_NotificationIcon72">
                    <Platform Name="Android">
                        <RemoteName>ic_notification.png</RemoteName>
                        <Overwrite>true</Overwrite>
                    </Platform>
                </DeployFile>
                <DeployFile LocalName="$(BDS)\Redist\osx32\libcgsqlite3.dylib" Class="DependencyModule">
                    <Platform Name="OSX32">
                        <Overwrite>true</Overwrite>
                    </Platform>
                </DeployFile>
                <DeployFile LocalName="$(BDS)\bin\Artwork\Android\FM_SplashImage_470x320.png" Configuration="Release" Class="Android_SplashImage470">
                    <Platform Name="Android">
                        <RemoteName>splash_image.png</RemoteName>
                        <Overwrite>true</Overwrite>
                    </Platform>
                </DeployFile>
                <DeployFile LocalName="$(BDS)\bin\Artwork\Android\FM_NotificationIcon_96x96.png" Configuration="Release" Class="Android_NotificationIcon96">
                    <Platform Name="Android">
                        <RemoteName>ic_notification.png</RemoteName>
                        <Overwrite>true</Overwrite>
                    </Platform>
                </DeployFile>
                <DeployFile LocalName="$(BDS)\bin\Artwork\Android\FM_NotificationIcon_24x24.png" Configuration="Debug" Class="Android_NotificationIcon24">
                    <Platform Name="Android">
                        <RemoteName>ic_notification.png</RemoteName>
                        <Overwrite>true</Overwrite>
                    </Platform>
                </DeployFile>
                <DeployFile LocalName="$(BDS)\Redist\osx32\libcgunwind.1.0.dylib" Class="DependencyModule">
                    <Platform Name="OSX32">
                        <Overwrite>true</Overwrite>
                    </Platform>
                </DeployFile>
                <DeployFile LocalName="Android\Debug\colors.xml" Configuration="Debug" Class="Android_Colors">
                    <Platform Name="Android">
                        <Overwrite>true</Overwrite>
                    </Platform>
                </DeployFile>
                <DeployFile LocalName="$(BDS)\bin\Artwork\Android\FM_NotificationIcon_48x48.png" Configuration="Debug" Class="Android_NotificationIcon48">
                    <Platform Name="Android">
                        <RemoteName>ic_notification.png</RemoteName>
                        <Overwrite>true</Overwrite>
                    </Platform>
                </DeployFile>
                <DeployFile LocalName="$(BDS)\bin\Artwork\Android\FM_NotificationIcon_48x48.png" Configuration="Release" Class="Android_NotificationIcon48">
                    <Platform Name="Android">
                        <RemoteName>ic_notification.png</RemoteName>
                        <Overwrite>true</Overwrite>
                    </Platform>
                </DeployFile>
                <DeployFile LocalName="Android\Release\classes.dex" Configuration="Release" Class="AndroidClassesDexFile">
                    <Platform Name="Android">
                        <RemoteName>classes.dex</RemoteName>
                        <Overwrite>true</Overwrite>
                    </Platform>
                </DeployFile>
                <DeployFile LocalName="Android\Debug\strings.xml" Configuration="Debug" Class="Android_Strings">
                    <Platform Name="Android">
                        <Overwrite>true</Overwrite>
                    </Platform>
                </DeployFile>
                <DeployFile LocalName="Resource\Bleep.mp3" Configuration="Debug" Class="ProjectFile">
                    <Platform Name="Android">
                        <RemoteDir>.\assets\internal\</RemoteDir>
                        <Overwrite>true</Overwrite>
                    </Platform>
                </DeployFile>
                <DeployFile LocalName="$(BDS)\bin\Artwork\Android\FM_SplashImage_960x720.png" Configuration="Debug" Class="Android_SplashImage960">
                    <Platform Name="Android64">
                        <RemoteName>splash_image.png</RemoteName>
                        <Overwrite>true</Overwrite>
                    </Platform>
                </DeployFile>
                <DeployFile LocalName="$(BDS)\bin\Artwork\Android\FM_NotificationIcon_72x72.png" Configuration="Debug" Class="Android_NotificationIcon72">
                    <Platform Name="Android">
                        <RemoteName>ic_notification.png</RemoteName>
                        <Overwrite>true</Overwrite>
                    </Platform>
                </DeployFile>
                <DeployFile LocalName="$(BDS)\bin\Artwork\Android\FM_LauncherIcon_72x72.png" Configuration="Debug" Class="Android_LauncherIcon72">
                    <Platform Name="Android64">
                        <RemoteName>ic_launcher.png</RemoteName>
                        <Overwrite>true</Overwrite>
                    </Platform>
                </DeployFile>
                <DeployFile LocalName="$(BDS)\bin\Artwork\Android\FM_LauncherIcon_96x96.png" Configuration="Debug" Class="Android_LauncherIcon96">
                    <Platform Name="Android64">
                        <RemoteName>ic_launcher.png</RemoteName>
                        <Overwrite>true</Overwrite>
                    </Platform>
                </DeployFile>
                <DeployFile LocalName="$(BDS)\bin\Artwork\Android\FM_SplashImage_426x320.png" Configuration="Release" Class="Android_SplashImage426">
                    <Platform Name="Android">
                        <RemoteName>splash_image.png</RemoteName>
                        <Overwrite>true</Overwrite>
                    </Platform>
                </DeployFile>
                <DeployFile LocalName="icons\mipmap-xxhdpi\ic_launcher.png" Configuration="Release" Class="Android_LauncherIcon144">
                    <Platform Name="Android">
                        <RemoteName>ic_launcher.png</RemoteName>
                        <Overwrite>true</Overwrite>
                    </Platform>
                </DeployFile>
                <DeployFile LocalName="$(BDS)\bin\Artwork\Android\FM_SplashImage_640x480.png" Configuration="Debug" Class="Android_SplashImage640">
                    <Platform Name="Android64">
                        <RemoteName>splash_image.png</RemoteName>
                        <Overwrite>true</Overwrite>
                    </Platform>
                </DeployFile>
                <DeployFile LocalName="..\..\..\Bleep.mp3" Configuration="Debug" Class="ProjectFile">
                    <Platform Name="Android64">
                        <RemoteDir>.\assets\internal\</RemoteDir>
                        <Overwrite>true</Overwrite>
                    </Platform>
                </DeployFile>
                <DeployFile LocalName="$(BDS)\bin\Artwork\Android\FM_SplashImage_960x720.png" Configuration="Release" Class="Android_SplashImage960">
                    <Platform Name="Android">
                        <RemoteName>splash_image.png</RemoteName>
                        <Overwrite>true</Overwrite>
                    </Platform>
                </DeployFile>
                <DeployFile LocalName="$(BDS)\bin\Artwork\Android\FM_SplashImage_640x480.png" Configuration="Debug" Class="Android_SplashImage640">
                    <Platform Name="Android">
                        <RemoteName>splash_image.png</RemoteName>
                        <Overwrite>true</Overwrite>
                    </Platform>
                </DeployFile>
                <DeployFile LocalName="$(BDS)\bin\Artwork\Android\FM_SplashImage_470x320.png" Configuration="Debug" Class="Android_SplashImage470">
                    <Platform Name="Android64">
                        <RemoteName>splash_image.png</RemoteName>
                        <Overwrite>true</Overwrite>
                    </Platform>
                </DeployFile>
                <DeployFile LocalName="$(BDS)\bin\Artwork\Android\FM_SplashImage_960x720.png" Configuration="Debug" Class="Android_SplashImage960">
                    <Platform Name="Android">
                        <RemoteName>splash_image.png</RemoteName>
                        <Overwrite>true</Overwrite>
                    </Platform>
                </DeployFile>
                <DeployFile LocalName="icons\mipmap-mdpi\ic_launcher.png" Configuration="Release" Class="Android_LauncherIcon48">
                    <Platform Name="Android">
                        <RemoteName>ic_launcher.png</RemoteName>
                        <Overwrite>true</Overwrite>
                    </Platform>
                </DeployFile>
                <DeployFile LocalName="Antro Vectra.otf" Configuration="Debug" Class="File">
                    <Platform Name="Android">
                        <RemoteDir>.\assets\internal\</RemoteDir>
                        <RemoteName>Antro Vectra.otf</RemoteName>
                        <Overwrite>true</Overwrite>
                    </Platform>
                </DeployFile>
                <DeployFile LocalName="$(BDS)\lib\android\release\mips\libnative-activity.so" Configuration="Release" Class="AndroidLibnativeMipsFile">
                    <Platform Name="Android">
                        <RemoteName>libGertecOne_G700.so</RemoteName>
                        <Overwrite>true</Overwrite>
                    </Platform>
                </DeployFile>
                <DeployFile LocalName="Android\Debug\classes.dex" Configuration="Debug" Class="AndroidClassesDexFile">
                    <Platform Name="Android">
                        <RemoteName>classes.dex</RemoteName>
                        <Overwrite>true</Overwrite>
                    </Platform>
                </DeployFile>
                <DeployFile LocalName="$(BDS)\bin\Artwork\Android\FM_NotificationIcon_36x36.png" Configuration="Release" Class="Android_NotificationIcon36">
                    <Platform Name="Android">
                        <RemoteName>ic_notification.png</RemoteName>
                        <Overwrite>true</Overwrite>
                    </Platform>
                </DeployFile>
                <DeployFile LocalName="Android64\Debug\colors.xml" Configuration="Debug" Class="Android_Colors">
                    <Platform Name="Android64">
                        <Overwrite>true</Overwrite>
                    </Platform>
                </DeployFile>
                <DeployFile LocalName="Android64\Debug\AndroidManifest.xml" Configuration="Debug" Class="ProjectAndroidManifest">
                    <Platform Name="Android64">
                        <Overwrite>true</Overwrite>
                    </Platform>
                </DeployFile>
                <DeployFile LocalName="$(BDS)\lib\android\release\armeabi\libnative-activity.so" Configuration="Release" Class="AndroidLibnativeArmeabiFile">
                    <Platform Name="Android">
                        <RemoteName>libGertecOne_G700.so</RemoteName>
                        <Overwrite>true</Overwrite>
                    </Platform>
                </DeployFile>
                <DeployFile LocalName="icons\ldpi\gertec_one.png" Configuration="Debug" Class="Android_LauncherIcon36">
                    <Platform Name="Android">
                        <RemoteName>ic_launcher.png</RemoteName>
                        <Overwrite>true</Overwrite>
                    </Platform>
                </DeployFile>
                <DeployFile LocalName="$(BDS)\bin\Artwork\Android\FM_LauncherIcon_48x48.png" Configuration="Debug" Class="Android_LauncherIcon48">
                    <Platform Name="Android64">
                        <RemoteName>ic_launcher.png</RemoteName>
                        <Overwrite>true</Overwrite>
                    </Platform>
                </DeployFile>
                <DeployFile LocalName="$(BDS)\Redist\iossimulator\libpcre.dylib" Class="DependencyModule">
                    <Platform Name="iOSSimulator">
                        <Overwrite>true</Overwrite>
                    </Platform>
                </DeployFile>
                <DeployFile LocalName="$(BDS)\bin\Artwork\Android\FM_SplashImage_470x320.png" Configuration="Debug" Class="Android_SplashImage470">
                    <Platform Name="Android">
                        <RemoteName>splash_image.png</RemoteName>
                        <Overwrite>true</Overwrite>
                    </Platform>
                </DeployFile>
                <DeployFile LocalName="Android\Release\strings.xml" Configuration="Release" Class="Android_Strings">
                    <Platform Name="Android">
                        <Overwrite>true</Overwrite>
                    </Platform>
                </DeployFile>
                <DeployFile LocalName="$(BDS)\bin\Artwork\Android\FM_SplashImage_426x320.png" Configuration="Debug" Class="Android_SplashImage426">
                    <Platform Name="Android64">
                        <RemoteName>splash_image.png</RemoteName>
                        <Overwrite>true</Overwrite>
                    </Platform>
                </DeployFile>
                <DeployFile LocalName="Android64\Debug\libGertecOne_G700.so" Configuration="Debug" Class="ProjectOutput">
                    <Platform Name="Android64">
                        <RemoteName>libGertecOne_G700.so</RemoteName>
                        <Overwrite>true</Overwrite>
                    </Platform>
                </DeployFile>
                <DeployFile LocalName="Android\Debug\libGertecOne_G700.so" Configuration="Debug" Class="ProjectOutput">
                    <Platform Name="Android">
                        <RemoteName>libGertecOne_G700.so</RemoteName>
                        <Overwrite>true</Overwrite>
                    </Platform>
                </DeployFile>
                <DeployFile LocalName="Android\Release\colors.xml" Configuration="Release" Class="Android_Colors">
                    <Platform Name="Android">
                        <Overwrite>true</Overwrite>
                    </Platform>
                </DeployFile>
                <DeployFile LocalName="$(BDS)\bin\Artwork\Android\FM_SplashImage_640x480.png" Configuration="Release" Class="Android_SplashImage640">
                    <Platform Name="Android">
                        <RemoteName>splash_image.png</RemoteName>
                        <Overwrite>true</Overwrite>
                    </Platform>
                </DeployFile>
                <DeployFile LocalName="$(BDS)\Redist\osx64\libcgsqlite3.dylib" Class="DependencyModule">
                    <Platform Name="OSX64">
                        <Overwrite>true</Overwrite>
                    </Platform>
                </DeployFile>
                <DeployFile LocalName="Android64\Debug\strings.xml" Configuration="Debug" Class="Android_Strings">
                    <Platform Name="Android64">
                        <Overwrite>true</Overwrite>
                    </Platform>
                </DeployFile>
                <DeployFile LocalName="Android\Debug\styles-v21.xml" Configuration="Debug" Class="AndroidSplashStylesV21">
                    <Platform Name="Android">
                        <RemoteName>styles.xml</RemoteName>
                        <Overwrite>true</Overwrite>
                    </Platform>
                </DeployFile>
                <DeployFile LocalName="Android\Release\AndroidManifest.xml" Configuration="Release" Class="ProjectAndroidManifest">
                    <Platform Name="Android">
                        <Overwrite>true</Overwrite>
                    </Platform>
                </DeployFile>
                <DeployClass Name="AdditionalDebugSymbols">
                    <Platform Name="iOSSimulator">
                        <Operation>1</Operation>
                    </Platform>
                    <Platform Name="OSX32">
                        <RemoteDir>Contents\MacOS</RemoteDir>
                        <Operation>1</Operation>
                    </Platform>
                    <Platform Name="Win32">
                        <Operation>0</Operation>
                    </Platform>
                </DeployClass>
                <DeployClass Name="AndroidClassesDexFile">
                    <Platform Name="Android">
                        <RemoteDir>classes</RemoteDir>
                        <Operation>1</Operation>
                    </Platform>
                    <Platform Name="Android64">
                        <RemoteDir>classes</RemoteDir>
                        <Operation>1</Operation>
                    </Platform>
                </DeployClass>
                <DeployClass Name="AndroidFileProvider">
                    <Platform Name="Android">
                        <RemoteDir>res\xml</RemoteDir>
                        <Operation>1</Operation>
                    </Platform>
                    <Platform Name="Android64">
                        <RemoteDir>res\xml</RemoteDir>
                        <Operation>1</Operation>
                    </Platform>
                </DeployClass>
                <DeployClass Name="AndroidGDBServer">
                    <Platform Name="Android">
                        <RemoteDir>library\lib\armeabi-v7a</RemoteDir>
                        <Operation>1</Operation>
                    </Platform>
                </DeployClass>
                <DeployClass Name="AndroidLibnativeArmeabiFile">
                    <Platform Name="Android">
                        <RemoteDir>library\lib\armeabi</RemoteDir>
                        <Operation>1</Operation>
                    </Platform>
                    <Platform Name="Android64">
                        <RemoteDir>library\lib\armeabi</RemoteDir>
                        <Operation>1</Operation>
                    </Platform>
                </DeployClass>
                <DeployClass Name="AndroidLibnativeArmeabiv7aFile">
                    <Platform Name="Android64">
                        <RemoteDir>library\lib\armeabi-v7a</RemoteDir>
                        <Operation>1</Operation>
                    </Platform>
                </DeployClass>
                <DeployClass Name="AndroidLibnativeMipsFile">
                    <Platform Name="Android">
                        <RemoteDir>library\lib\mips</RemoteDir>
                        <Operation>1</Operation>
                    </Platform>
                    <Platform Name="Android64">
                        <RemoteDir>library\lib\mips</RemoteDir>
                        <Operation>1</Operation>
                    </Platform>
                </DeployClass>
                <DeployClass Name="AndroidServiceOutput">
                    <Platform Name="Android">
                        <RemoteDir>library\lib\armeabi-v7a</RemoteDir>
                        <Operation>1</Operation>
                    </Platform>
                    <Platform Name="Android64">
                        <RemoteDir>library\lib\arm64-v8a</RemoteDir>
                        <Operation>1</Operation>
                    </Platform>
                </DeployClass>
                <DeployClass Name="AndroidServiceOutput_Android32">
                    <Platform Name="Android64">
                        <RemoteDir>library\lib\armeabi-v7a</RemoteDir>
                        <Operation>1</Operation>
                    </Platform>
                </DeployClass>
                <DeployClass Name="AndroidSplashImageDef">
                    <Platform Name="Android">
                        <RemoteDir>res\drawable</RemoteDir>
                        <Operation>1</Operation>
                    </Platform>
                    <Platform Name="Android64">
                        <RemoteDir>res\drawable</RemoteDir>
                        <Operation>1</Operation>
                    </Platform>
                </DeployClass>
                <DeployClass Name="AndroidSplashStyles">
                    <Platform Name="Android">
                        <RemoteDir>res\values</RemoteDir>
                        <Operation>1</Operation>
                    </Platform>
                    <Platform Name="Android64">
                        <RemoteDir>res\values</RemoteDir>
                        <Operation>1</Operation>
                    </Platform>
                </DeployClass>
                <DeployClass Name="AndroidSplashStylesV21">
                    <Platform Name="Android">
                        <RemoteDir>res\values-v21</RemoteDir>
                        <Operation>1</Operation>
                    </Platform>
                    <Platform Name="Android64">
                        <RemoteDir>res\values-v21</RemoteDir>
                        <Operation>1</Operation>
                    </Platform>
                </DeployClass>
                <DeployClass Name="Android_Colors">
                    <Platform Name="Android">
                        <RemoteDir>res\values</RemoteDir>
                        <Operation>1</Operation>
                    </Platform>
                    <Platform Name="Android64">
                        <RemoteDir>res\values</RemoteDir>
                        <Operation>1</Operation>
                    </Platform>
                </DeployClass>
                <DeployClass Name="Android_DefaultAppIcon">
                    <Platform Name="Android">
                        <RemoteDir>res\drawable</RemoteDir>
                        <Operation>1</Operation>
                    </Platform>
                    <Platform Name="Android64">
                        <RemoteDir>res\drawable</RemoteDir>
                        <Operation>1</Operation>
                    </Platform>
                </DeployClass>
                <DeployClass Name="Android_LauncherIcon144">
                    <Platform Name="Android">
                        <RemoteDir>res\drawable-xxhdpi</RemoteDir>
                        <Operation>1</Operation>
                    </Platform>
                    <Platform Name="Android64">
                        <RemoteDir>res\drawable-xxhdpi</RemoteDir>
                        <Operation>1</Operation>
                    </Platform>
                </DeployClass>
                <DeployClass Name="Android_LauncherIcon36">
                    <Platform Name="Android">
                        <RemoteDir>res\drawable-ldpi</RemoteDir>
                        <Operation>1</Operation>
                    </Platform>
                    <Platform Name="Android64">
                        <RemoteDir>res\drawable-ldpi</RemoteDir>
                        <Operation>1</Operation>
                    </Platform>
                </DeployClass>
                <DeployClass Name="Android_LauncherIcon48">
                    <Platform Name="Android">
                        <RemoteDir>res\drawable-mdpi</RemoteDir>
                        <Operation>1</Operation>
                    </Platform>
                    <Platform Name="Android64">
                        <RemoteDir>res\drawable-mdpi</RemoteDir>
                        <Operation>1</Operation>
                    </Platform>
                </DeployClass>
                <DeployClass Name="Android_LauncherIcon72">
                    <Platform Name="Android">
                        <RemoteDir>res\drawable-hdpi</RemoteDir>
                        <Operation>1</Operation>
                    </Platform>
                    <Platform Name="Android64">
                        <RemoteDir>res\drawable-hdpi</RemoteDir>
                        <Operation>1</Operation>
                    </Platform>
                </DeployClass>
                <DeployClass Name="Android_LauncherIcon96">
                    <Platform Name="Android">
                        <RemoteDir>res\drawable-xhdpi</RemoteDir>
                        <Operation>1</Operation>
                    </Platform>
                    <Platform Name="Android64">
                        <RemoteDir>res\drawable-xhdpi</RemoteDir>
                        <Operation>1</Operation>
                    </Platform>
                </DeployClass>
                <DeployClass Name="Android_NotificationIcon24">
                    <Platform Name="Android">
                        <RemoteDir>res\drawable-mdpi</RemoteDir>
                        <Operation>1</Operation>
                    </Platform>
                    <Platform Name="Android64">
                        <RemoteDir>res\drawable-mdpi</RemoteDir>
                        <Operation>1</Operation>
                    </Platform>
                </DeployClass>
                <DeployClass Name="Android_NotificationIcon36">
                    <Platform Name="Android">
                        <RemoteDir>res\drawable-hdpi</RemoteDir>
                        <Operation>1</Operation>
                    </Platform>
                    <Platform Name="Android64">
                        <RemoteDir>res\drawable-hdpi</RemoteDir>
                        <Operation>1</Operation>
                    </Platform>
                </DeployClass>
                <DeployClass Name="Android_NotificationIcon48">
                    <Platform Name="Android">
                        <RemoteDir>res\drawable-xhdpi</RemoteDir>
                        <Operation>1</Operation>
                    </Platform>
                    <Platform Name="Android64">
                        <RemoteDir>res\drawable-xhdpi</RemoteDir>
                        <Operation>1</Operation>
                    </Platform>
                </DeployClass>
                <DeployClass Name="Android_NotificationIcon72">
                    <Platform Name="Android">
                        <RemoteDir>res\drawable-xxhdpi</RemoteDir>
                        <Operation>1</Operation>
                    </Platform>
                    <Platform Name="Android64">
                        <RemoteDir>res\drawable-xxhdpi</RemoteDir>
                        <Operation>1</Operation>
                    </Platform>
                </DeployClass>
                <DeployClass Name="Android_NotificationIcon96">
                    <Platform Name="Android">
                        <RemoteDir>res\drawable-xxxhdpi</RemoteDir>
                        <Operation>1</Operation>
                    </Platform>
                    <Platform Name="Android64">
                        <RemoteDir>res\drawable-xxxhdpi</RemoteDir>
                        <Operation>1</Operation>
                    </Platform>
                </DeployClass>
                <DeployClass Name="Android_SplashImage426">
                    <Platform Name="Android">
                        <RemoteDir>res\drawable-small</RemoteDir>
                        <Operation>1</Operation>
                    </Platform>
                    <Platform Name="Android64">
                        <RemoteDir>res\drawable-small</RemoteDir>
                        <Operation>1</Operation>
                    </Platform>
                </DeployClass>
                <DeployClass Name="Android_SplashImage470">
                    <Platform Name="Android">
                        <RemoteDir>res\drawable-normal</RemoteDir>
                        <Operation>1</Operation>
                    </Platform>
                    <Platform Name="Android64">
                        <RemoteDir>res\drawable-normal</RemoteDir>
                        <Operation>1</Operation>
                    </Platform>
                </DeployClass>
                <DeployClass Name="Android_SplashImage640">
                    <Platform Name="Android">
                        <RemoteDir>res\drawable-large</RemoteDir>
                        <Operation>1</Operation>
                    </Platform>
                    <Platform Name="Android64">
                        <RemoteDir>res\drawable-large</RemoteDir>
                        <Operation>1</Operation>
                    </Platform>
                </DeployClass>
                <DeployClass Name="Android_SplashImage960">
                    <Platform Name="Android">
                        <RemoteDir>res\drawable-xlarge</RemoteDir>
                        <Operation>1</Operation>
                    </Platform>
                    <Platform Name="Android64">
                        <RemoteDir>res\drawable-xlarge</RemoteDir>
                        <Operation>1</Operation>
                    </Platform>
                </DeployClass>
                <DeployClass Name="Android_Strings">
                    <Platform Name="Android">
                        <RemoteDir>res\values</RemoteDir>
                        <Operation>1</Operation>
                    </Platform>
                    <Platform Name="Android64">
                        <RemoteDir>res\values</RemoteDir>
                        <Operation>1</Operation>
                    </Platform>
                </DeployClass>
                <DeployClass Name="DebugSymbols">
                    <Platform Name="iOSSimulator">
                        <Operation>1</Operation>
                    </Platform>
                    <Platform Name="OSX32">
                        <RemoteDir>Contents\MacOS</RemoteDir>
                        <Operation>1</Operation>
                    </Platform>
                    <Platform Name="Win32">
                        <Operation>0</Operation>
                    </Platform>
                </DeployClass>
                <DeployClass Name="DependencyFramework">
                    <Platform Name="OSX32">
                        <RemoteDir>Contents\MacOS</RemoteDir>
                        <Operation>1</Operation>
                        <Extensions>.framework</Extensions>
                    </Platform>
                    <Platform Name="OSX64">
                        <RemoteDir>Contents\MacOS</RemoteDir>
                        <Operation>1</Operation>
                        <Extensions>.framework</Extensions>
                    </Platform>
                    <Platform Name="Win32">
                        <Operation>0</Operation>
                    </Platform>
                </DeployClass>
                <DeployClass Name="DependencyModule">
                    <Platform Name="iOSDevice32">
                        <Operation>1</Operation>
                        <Extensions>.dylib</Extensions>
                    </Platform>
                    <Platform Name="iOSDevice64">
                        <Operation>1</Operation>
                        <Extensions>.dylib</Extensions>
                    </Platform>
                    <Platform Name="iOSSimulator">
                        <Operation>1</Operation>
                        <Extensions>.dylib</Extensions>
                    </Platform>
                    <Platform Name="OSX32">
                        <RemoteDir>Contents\MacOS</RemoteDir>
                        <Operation>1</Operation>
                        <Extensions>.dylib</Extensions>
                    </Platform>
                    <Platform Name="OSX64">
                        <RemoteDir>Contents\MacOS</RemoteDir>
                        <Operation>1</Operation>
                        <Extensions>.dylib</Extensions>
                    </Platform>
                    <Platform Name="Win32">
                        <Operation>0</Operation>
                        <Extensions>.dll;.bpl</Extensions>
                    </Platform>
                </DeployClass>
                <DeployClass Required="true" Name="DependencyPackage">
                    <Platform Name="iOSDevice32">
                        <Operation>1</Operation>
                        <Extensions>.dylib</Extensions>
                    </Platform>
                    <Platform Name="iOSDevice64">
                        <Operation>1</Operation>
                        <Extensions>.dylib</Extensions>
                    </Platform>
                    <Platform Name="iOSSimulator">
                        <Operation>1</Operation>
                        <Extensions>.dylib</Extensions>
                    </Platform>
                    <Platform Name="OSX32">
                        <RemoteDir>Contents\MacOS</RemoteDir>
                        <Operation>1</Operation>
                        <Extensions>.dylib</Extensions>
                    </Platform>
                    <Platform Name="OSX64">
                        <RemoteDir>Contents\MacOS</RemoteDir>
                        <Operation>1</Operation>
                        <Extensions>.dylib</Extensions>
                    </Platform>
                    <Platform Name="Win32">
                        <Operation>0</Operation>
                        <Extensions>.bpl</Extensions>
                    </Platform>
                </DeployClass>
                <DeployClass Name="File">
                    <Platform Name="Android">
                        <Operation>0</Operation>
                    </Platform>
                    <Platform Name="Android64">
                        <Operation>0</Operation>
                    </Platform>
                    <Platform Name="iOSDevice32">
                        <Operation>0</Operation>
                    </Platform>
                    <Platform Name="iOSDevice64">
                        <Operation>0</Operation>
                    </Platform>
                    <Platform Name="iOSSimulator">
                        <Operation>0</Operation>
                    </Platform>
                    <Platform Name="OSX32">
                        <RemoteDir>Contents\Resources\StartUp\</RemoteDir>
                        <Operation>0</Operation>
                    </Platform>
                    <Platform Name="OSX64">
                        <RemoteDir>Contents\Resources\StartUp\</RemoteDir>
                        <Operation>0</Operation>
                    </Platform>
                    <Platform Name="Win32">
                        <Operation>0</Operation>
                    </Platform>
                </DeployClass>
                <DeployClass Name="iPad_Launch1024">
                    <Platform Name="iOSDevice32">
                        <Operation>1</Operation>
                    </Platform>
                    <Platform Name="iOSDevice64">
                        <Operation>1</Operation>
                    </Platform>
                    <Platform Name="iOSSimulator">
                        <Operation>1</Operation>
                    </Platform>
                </DeployClass>
                <DeployClass Name="iPad_Launch1024x768">
                    <Platform Name="iOSDevice32">
                        <Operation>1</Operation>
                    </Platform>
                    <Platform Name="iOSDevice64">
                        <Operation>1</Operation>
                    </Platform>
                    <Platform Name="iOSSimulator">
                        <Operation>1</Operation>
                    </Platform>
                </DeployClass>
                <DeployClass Name="iPad_Launch1536">
                    <Platform Name="iOSDevice32">
                        <Operation>1</Operation>
                    </Platform>
                    <Platform Name="iOSDevice64">
                        <Operation>1</Operation>
                    </Platform>
                    <Platform Name="iOSSimulator">
                        <Operation>1</Operation>
                    </Platform>
                </DeployClass>
                <DeployClass Name="iPad_Launch1536x2048">
                    <Platform Name="iOSDevice32">
                        <Operation>1</Operation>
                    </Platform>
                    <Platform Name="iOSDevice64">
                        <Operation>1</Operation>
                    </Platform>
                    <Platform Name="iOSSimulator">
                        <Operation>1</Operation>
                    </Platform>
                </DeployClass>
                <DeployClass Name="iPad_Launch1668">
                    <Platform Name="iOSDevice32">
                        <Operation>1</Operation>
                    </Platform>
                    <Platform Name="iOSDevice64">
                        <Operation>1</Operation>
                    </Platform>
                    <Platform Name="iOSSimulator">
                        <Operation>1</Operation>
                    </Platform>
                </DeployClass>
                <DeployClass Name="iPad_Launch1668x2388">
                    <Platform Name="iOSDevice32">
                        <Operation>1</Operation>
                    </Platform>
                    <Platform Name="iOSDevice64">
                        <Operation>1</Operation>
                    </Platform>
                    <Platform Name="iOSSimulator">
                        <Operation>1</Operation>
                    </Platform>
                </DeployClass>
                <DeployClass Name="iPad_Launch2048">
                    <Platform Name="iOSDevice32">
                        <Operation>1</Operation>
                    </Platform>
                    <Platform Name="iOSDevice64">
                        <Operation>1</Operation>
                    </Platform>
                    <Platform Name="iOSSimulator">
                        <Operation>1</Operation>
                    </Platform>
                </DeployClass>
                <DeployClass Name="iPad_Launch2048x1536">
                    <Platform Name="iOSDevice32">
                        <Operation>1</Operation>
                    </Platform>
                    <Platform Name="iOSDevice64">
                        <Operation>1</Operation>
                    </Platform>
                    <Platform Name="iOSSimulator">
                        <Operation>1</Operation>
                    </Platform>
                </DeployClass>
                <DeployClass Name="iPad_Launch2048x2732">
                    <Platform Name="iOSDevice32">
                        <Operation>1</Operation>
                    </Platform>
                    <Platform Name="iOSDevice64">
                        <Operation>1</Operation>
                    </Platform>
                    <Platform Name="iOSSimulator">
                        <Operation>1</Operation>
                    </Platform>
                </DeployClass>
                <DeployClass Name="iPad_Launch2224">
                    <Platform Name="iOSDevice32">
                        <Operation>1</Operation>
                    </Platform>
                    <Platform Name="iOSDevice64">
                        <Operation>1</Operation>
                    </Platform>
                    <Platform Name="iOSSimulator">
                        <Operation>1</Operation>
                    </Platform>
                </DeployClass>
                <DeployClass Name="iPad_Launch2388x1668">
                    <Platform Name="iOSDevice32">
                        <Operation>1</Operation>
                    </Platform>
                    <Platform Name="iOSDevice64">
                        <Operation>1</Operation>
                    </Platform>
                    <Platform Name="iOSSimulator">
                        <Operation>1</Operation>
                    </Platform>
                </DeployClass>
                <DeployClass Name="iPad_Launch2732x2048">
                    <Platform Name="iOSDevice32">
                        <Operation>1</Operation>
                    </Platform>
                    <Platform Name="iOSDevice64">
                        <Operation>1</Operation>
                    </Platform>
                    <Platform Name="iOSSimulator">
                        <Operation>1</Operation>
                    </Platform>
                </DeployClass>
                <DeployClass Name="iPad_Launch768">
                    <Platform Name="iOSDevice32">
                        <Operation>1</Operation>
                    </Platform>
                    <Platform Name="iOSDevice64">
                        <Operation>1</Operation>
                    </Platform>
                    <Platform Name="iOSSimulator">
                        <Operation>1</Operation>
                    </Platform>
                </DeployClass>
                <DeployClass Name="iPad_Launch768x1024">
                    <Platform Name="iOSDevice32">
                        <Operation>1</Operation>
                    </Platform>
                    <Platform Name="iOSDevice64">
                        <Operation>1</Operation>
                    </Platform>
                    <Platform Name="iOSSimulator">
                        <Operation>1</Operation>
                    </Platform>
                </DeployClass>
                <DeployClass Name="iPhone_Launch1125">
                    <Platform Name="iOSDevice32">
                        <Operation>1</Operation>
                    </Platform>
                    <Platform Name="iOSDevice64">
                        <Operation>1</Operation>
                    </Platform>
                    <Platform Name="iOSSimulator">
                        <Operation>1</Operation>
                    </Platform>
                </DeployClass>
                <DeployClass Name="iPhone_Launch1136x640">
                    <Platform Name="iOSDevice32">
                        <Operation>1</Operation>
                    </Platform>
                    <Platform Name="iOSDevice64">
                        <Operation>1</Operation>
                    </Platform>
                    <Platform Name="iOSSimulator">
                        <Operation>1</Operation>
                    </Platform>
                </DeployClass>
                <DeployClass Name="iPhone_Launch1242">
                    <Platform Name="iOSDevice32">
                        <Operation>1</Operation>
                    </Platform>
                    <Platform Name="iOSDevice64">
                        <Operation>1</Operation>
                    </Platform>
                    <Platform Name="iOSSimulator">
                        <Operation>1</Operation>
                    </Platform>
                </DeployClass>
                <DeployClass Name="iPhone_Launch1242x2688">
                    <Platform Name="iOSDevice32">
                        <Operation>1</Operation>
                    </Platform>
                    <Platform Name="iOSDevice64">
                        <Operation>1</Operation>
                    </Platform>
                    <Platform Name="iOSSimulator">
                        <Operation>1</Operation>
                    </Platform>
                </DeployClass>
                <DeployClass Name="iPhone_Launch1334">
                    <Platform Name="iOSDevice32">
                        <Operation>1</Operation>
                    </Platform>
                    <Platform Name="iOSDevice64">
                        <Operation>1</Operation>
                    </Platform>
                    <Platform Name="iOSSimulator">
                        <Operation>1</Operation>
                    </Platform>
                </DeployClass>
                <DeployClass Name="iPhone_Launch1792">
                    <Platform Name="iOSDevice32">
                        <Operation>1</Operation>
                    </Platform>
                    <Platform Name="iOSDevice64">
                        <Operation>1</Operation>
                    </Platform>
                    <Platform Name="iOSSimulator">
                        <Operation>1</Operation>
                    </Platform>
                </DeployClass>
                <DeployClass Name="iPhone_Launch2208">
                    <Platform Name="iOSDevice32">
                        <Operation>1</Operation>
                    </Platform>
                    <Platform Name="iOSDevice64">
                        <Operation>1</Operation>
                    </Platform>
                    <Platform Name="iOSSimulator">
                        <Operation>1</Operation>
                    </Platform>
                </DeployClass>
                <DeployClass Name="iPhone_Launch2436">
                    <Platform Name="iOSDevice32">
                        <Operation>1</Operation>
                    </Platform>
                    <Platform Name="iOSDevice64">
                        <Operation>1</Operation>
                    </Platform>
                    <Platform Name="iOSSimulator">
                        <Operation>1</Operation>
                    </Platform>
                </DeployClass>
                <DeployClass Name="iPhone_Launch2688x1242">
                    <Platform Name="iOSDevice32">
                        <Operation>1</Operation>
                    </Platform>
                    <Platform Name="iOSDevice64">
                        <Operation>1</Operation>
                    </Platform>
                    <Platform Name="iOSSimulator">
                        <Operation>1</Operation>
                    </Platform>
                </DeployClass>
                <DeployClass Name="iPhone_Launch320">
                    <Platform Name="iOSDevice32">
                        <Operation>1</Operation>
                    </Platform>
                    <Platform Name="iOSDevice64">
                        <Operation>1</Operation>
                    </Platform>
                    <Platform Name="iOSSimulator">
                        <Operation>1</Operation>
                    </Platform>
                </DeployClass>
                <DeployClass Name="iPhone_Launch640">
                    <Platform Name="iOSDevice32">
                        <Operation>1</Operation>
                    </Platform>
                    <Platform Name="iOSDevice64">
                        <Operation>1</Operation>
                    </Platform>
                    <Platform Name="iOSSimulator">
                        <Operation>1</Operation>
                    </Platform>
                </DeployClass>
                <DeployClass Name="iPhone_Launch640x1136">
                    <Platform Name="iOSDevice32">
                        <Operation>1</Operation>
                    </Platform>
                    <Platform Name="iOSDevice64">
                        <Operation>1</Operation>
                    </Platform>
                    <Platform Name="iOSSimulator">
                        <Operation>1</Operation>
                    </Platform>
                </DeployClass>
                <DeployClass Name="iPhone_Launch750">
                    <Platform Name="iOSDevice32">
                        <Operation>1</Operation>
                    </Platform>
                    <Platform Name="iOSDevice64">
                        <Operation>1</Operation>
                    </Platform>
                    <Platform Name="iOSSimulator">
                        <Operation>1</Operation>
                    </Platform>
                </DeployClass>
                <DeployClass Name="iPhone_Launch828">
                    <Platform Name="iOSDevice32">
                        <Operation>1</Operation>
                    </Platform>
                    <Platform Name="iOSDevice64">
                        <Operation>1</Operation>
                    </Platform>
                    <Platform Name="iOSSimulator">
                        <Operation>1</Operation>
                    </Platform>
                </DeployClass>
                <DeployClass Name="ProjectAndroidManifest">
                    <Platform Name="Android">
                        <Operation>1</Operation>
                    </Platform>
                    <Platform Name="Android64">
                        <Operation>1</Operation>
                    </Platform>
                </DeployClass>
                <DeployClass Name="ProjectiOSDeviceDebug">
                    <Platform Name="iOSDevice32">
                        <RemoteDir>..\$(PROJECTNAME).app.dSYM\Contents\Resources\DWARF</RemoteDir>
                        <Operation>1</Operation>
                    </Platform>
                    <Platform Name="iOSDevice64">
                        <RemoteDir>..\$(PROJECTNAME).app.dSYM\Contents\Resources\DWARF</RemoteDir>
                        <Operation>1</Operation>
                    </Platform>
                </DeployClass>
                <DeployClass Name="ProjectiOSDeviceResourceRules">
                    <Platform Name="iOSDevice32">
                        <Operation>1</Operation>
                    </Platform>
                    <Platform Name="iOSDevice64">
                        <Operation>1</Operation>
                    </Platform>
                </DeployClass>
                <DeployClass Name="ProjectiOSEntitlements">
                    <Platform Name="iOSDevice32">
                        <RemoteDir>..\</RemoteDir>
                        <Operation>1</Operation>
                    </Platform>
                    <Platform Name="iOSDevice64">
                        <RemoteDir>..\</RemoteDir>
                        <Operation>1</Operation>
                    </Platform>
                </DeployClass>
                <DeployClass Name="ProjectiOSInfoPList">
                    <Platform Name="iOSDevice32">
                        <Operation>1</Operation>
                    </Platform>
                    <Platform Name="iOSDevice64">
                        <Operation>1</Operation>
                    </Platform>
                    <Platform Name="iOSSimulator">
                        <Operation>1</Operation>
                    </Platform>
                </DeployClass>
                <DeployClass Name="ProjectiOSResource">
                    <Platform Name="iOSDevice32">
                        <Operation>1</Operation>
                    </Platform>
                    <Platform Name="iOSDevice64">
                        <Operation>1</Operation>
                    </Platform>
                    <Platform Name="iOSSimulator">
                        <Operation>1</Operation>
                    </Platform>
                </DeployClass>
                <DeployClass Name="ProjectOSXDebug">
                    <Platform Name="OSX64">
                        <RemoteDir>..\$(PROJECTNAME).app.dSYM\Contents\Resources\DWARF</RemoteDir>
                        <Operation>1</Operation>
                    </Platform>
                </DeployClass>
                <DeployClass Name="ProjectOSXEntitlements">
                    <Platform Name="OSX32">
                        <RemoteDir>..\</RemoteDir>
                        <Operation>1</Operation>
                    </Platform>
                    <Platform Name="OSX64">
                        <RemoteDir>..\</RemoteDir>
                        <Operation>1</Operation>
                    </Platform>
                </DeployClass>
                <DeployClass Name="ProjectOSXInfoPList">
                    <Platform Name="OSX32">
                        <RemoteDir>Contents</RemoteDir>
                        <Operation>1</Operation>
                    </Platform>
                    <Platform Name="OSX64">
                        <RemoteDir>Contents</RemoteDir>
                        <Operation>1</Operation>
                    </Platform>
                </DeployClass>
                <DeployClass Name="ProjectOSXResource">
                    <Platform Name="OSX32">
                        <RemoteDir>Contents\Resources</RemoteDir>
                        <Operation>1</Operation>
                    </Platform>
                    <Platform Name="OSX64">
                        <RemoteDir>Contents\Resources</RemoteDir>
                        <Operation>1</Operation>
                    </Platform>
                </DeployClass>
                <DeployClass Required="true" Name="ProjectOutput">
                    <Platform Name="Android">
                        <RemoteDir>library\lib\armeabi-v7a</RemoteDir>
                        <Operation>1</Operation>
                    </Platform>
                    <Platform Name="Android64">
                        <RemoteDir>library\lib\arm64-v8a</RemoteDir>
                        <Operation>1</Operation>
                    </Platform>
                    <Platform Name="iOSDevice32">
                        <Operation>1</Operation>
                    </Platform>
                    <Platform Name="iOSDevice64">
                        <Operation>1</Operation>
                    </Platform>
                    <Platform Name="iOSSimulator">
                        <Operation>1</Operation>
                    </Platform>
                    <Platform Name="Linux64">
                        <Operation>1</Operation>
                    </Platform>
                    <Platform Name="OSX32">
                        <RemoteDir>Contents\MacOS</RemoteDir>
                        <Operation>1</Operation>
                    </Platform>
                    <Platform Name="OSX64">
                        <RemoteDir>Contents\MacOS</RemoteDir>
                        <Operation>1</Operation>
                    </Platform>
                    <Platform Name="Win32">
                        <Operation>0</Operation>
                    </Platform>
                </DeployClass>
                <DeployClass Name="ProjectOutput_Android32">
                    <Platform Name="Android64">
                        <RemoteDir>library\lib\armeabi-v7a</RemoteDir>
                        <Operation>1</Operation>
                    </Platform>
                </DeployClass>
                <DeployClass Name="ProjectUWPManifest">
                    <Platform Name="Win32">
                        <Operation>1</Operation>
                    </Platform>
                    <Platform Name="Win64">
                        <Operation>1</Operation>
                    </Platform>
                </DeployClass>
                <DeployClass Name="UWP_DelphiLogo150">
                    <Platform Name="Win32">
                        <RemoteDir>Assets</RemoteDir>
                        <Operation>1</Operation>
                    </Platform>
                    <Platform Name="Win64">
                        <RemoteDir>Assets</RemoteDir>
                        <Operation>1</Operation>
                    </Platform>
                </DeployClass>
                <DeployClass Name="UWP_DelphiLogo44">
                    <Platform Name="Win32">
                        <RemoteDir>Assets</RemoteDir>
                        <Operation>1</Operation>
                    </Platform>
                    <Platform Name="Win64">
                        <RemoteDir>Assets</RemoteDir>
                        <Operation>1</Operation>
                    </Platform>
                </DeployClass>
                <ProjectRoot Platform="iOSDevice64" Name="$(PROJECTNAME).app"/>
                <ProjectRoot Platform="Win64" Name="$(PROJECTNAME)"/>
                <ProjectRoot Platform="iOSDevice32" Name="$(PROJECTNAME).app"/>
                <ProjectRoot Platform="Linux64" Name="$(PROJECTNAME)"/>
                <ProjectRoot Platform="Win32" Name="$(PROJECTNAME)"/>
                <ProjectRoot Platform="OSX32" Name="$(PROJECTNAME).app"/>
                <ProjectRoot Platform="Android" Name="$(PROJECTNAME)"/>
                <ProjectRoot Platform="OSX64" Name="$(PROJECTNAME).app"/>
                <ProjectRoot Platform="iOSSimulator" Name="$(PROJECTNAME).app"/>
                <ProjectRoot Platform="Android64" Name="$(PROJECTNAME)"/>
            </Deployment>
            <Platforms>
                <Platform value="Android">True</Platform>
                <Platform value="Android64">True</Platform>
                <Platform value="Win32">True</Platform>
            </Platforms>
            <ModelSupport>False</ModelSupport>
        </BorlandProject>
        <ProjectFileVersion>12</ProjectFileVersion>
    </ProjectExtensions>
    <Import Project="$(BDS)\Bin\CodeGear.Delphi.Targets" Condition="Exists('$(BDS)\Bin\CodeGear.Delphi.Targets')"/>
    <Import Project="$(APPDATA)\Embarcadero\$(BDSAPPDATABASEDIR)\$(PRODUCTVERSION)\UserTools.proj" Condition="Exists('$(APPDATA)\Embarcadero\$(BDSAPPDATABASEDIR)\$(PRODUCTVERSION)\UserTools.proj')"/>
    <ProjectExtensions/>
    <Import Project="$(MSBuildProjectName).deployproj" Condition="Exists('$(MSBuildProjectName).deployproj')"/>
    <ProjectExtensions/>
    <ProjectExtensions/>
    <ProjectExtensions/>
</Project>
